
Microsoft Visual Studio Solution File, Format Version 12.00
# Visual Studio 15
VisualStudioVersion = 15.0.27428.1
MinimumVisualStudioVersion = 10.0.40219.1
Project("{9A19103F-16F7-4668-BE54-9A1E7A4F7556}") = "TMapViews.Models", "TMapViews.Models\TMapViews.Models.csproj", "{159D0897-7607-4E7D-80D7-D4F6F15FA14D}"
EndProject
Project("{FAE04EC0-301F-11D3-BF4B-00C04F79EFBC}") = "TMapViews.Droid", "TMapViews.Droid\TMapViews.Droid.csproj", "{837348FB-870C-47AE-91B0-FCA8AD49872E}"
EndProject
Project("{FAE04EC0-301F-11D3-BF4B-00C04F79EFBC}") = "TMapViews.iOS", "TMapViews.iOS\TMapViews.iOS.csproj", "{CC15D61E-979C-4EE3-9577-8968DF030A0E}"
EndProject
Project("{FAE04EC0-301F-11D3-BF4B-00C04F79EFBC}") = "TMapViews.Example.Droid", "TMapViews.Example\TMapViews.Example.Droid\TMapViews.Example.Droid.csproj", "{A4090E65-544C-46A7-9E79-61BE71D6E5B0}"
EndProject
Project("{FAE04EC0-301F-11D3-BF4B-00C04F79EFBC}") = "TMapViews.Example.iOS", "TMapViews.Example\TMapViews.Example.iOS\TMapViews.Example.iOS.csproj", "{150F2FCE-C506-4554-A1A6-A1900673BC43}"
EndProject
Project("{2150E333-8FDC-42A3-9474-1A3956D46DE8}") = "TMapViews.Example", "TMapViews.Example", "{0581BA06-E352-473D-8F84-1F06385AF1A6}"
EndProject
Project("{9A19103F-16F7-4668-BE54-9A1E7A4F7556}") = "TMapViews.Example.Core", "TMapViews.Example\TMapViews.Example.Core\TMapViews.Example.Core.csproj", "{CAAADA23-B087-4028-9D0D-D6E9C7A1E8AD}"
EndProject
Global
	GlobalSection(SolutionConfigurationPlatforms) = preSolution
		Ad-Hoc|Any CPU = Ad-Hoc|Any CPU
		Ad-Hoc|iPhone = Ad-Hoc|iPhone
		Ad-Hoc|iPhoneSimulator = Ad-Hoc|iPhoneSimulator
		AppStore|Any CPU = AppStore|Any CPU
		AppStore|iPhone = AppStore|iPhone
		AppStore|iPhoneSimulator = AppStore|iPhoneSimulator
		Debug|Any CPU = Debug|Any CPU
		Debug|iPhone = Debug|iPhone
		Debug|iPhoneSimulator = Debug|iPhoneSimulator
		Release|Any CPU = Release|Any CPU
		Release|iPhone = Release|iPhone
		Release|iPhoneSimulator = Release|iPhoneSimulator
	EndGlobalSection
	GlobalSection(ProjectConfigurationPlatforms) = postSolution
		{159D0897-7607-4E7D-80D7-D4F6F15FA14D}.Ad-Hoc|Any CPU.ActiveCfg = Release|Any CPU
		{159D0897-7607-4E7D-80D7-D4F6F15FA14D}.Ad-Hoc|Any CPU.Build.0 = Release|Any CPU
		{159D0897-7607-4E7D-80D7-D4F6F15FA14D}.Ad-Hoc|iPhone.ActiveCfg = Release|Any CPU
		{159D0897-7607-4E7D-80D7-D4F6F15FA14D}.Ad-Hoc|iPhone.Build.0 = Release|Any CPU
		{159D0897-7607-4E7D-80D7-D4F6F15FA14D}.Ad-Hoc|iPhoneSimulator.ActiveCfg = Release|Any CPU
		{159D0897-7607-4E7D-80D7-D4F6F15FA14D}.Ad-Hoc|iPhoneSimulator.Build.0 = Release|Any CPU
		{159D0897-7607-4E7D-80D7-D4F6F15FA14D}.AppStore|Any CPU.ActiveCfg = Release|Any CPU
		{159D0897-7607-4E7D-80D7-D4F6F15FA14D}.AppStore|Any CPU.Build.0 = Release|Any CPU
		{159D0897-7607-4E7D-80D7-D4F6F15FA14D}.AppStore|iPhone.ActiveCfg = Release|Any CPU
		{159D0897-7607-4E7D-80D7-D4F6F15FA14D}.AppStore|iPhone.Build.0 = Release|Any CPU
		{159D0897-7607-4E7D-80D7-D4F6F15FA14D}.AppStore|iPhoneSimulator.ActiveCfg = Release|Any CPU
		{159D0897-7607-4E7D-80D7-D4F6F15FA14D}.AppStore|iPhoneSimulator.Build.0 = Release|Any CPU
		{159D0897-7607-4E7D-80D7-D4F6F15FA14D}.Debug|Any CPU.ActiveCfg = Debug|Any CPU
		{159D0897-7607-4E7D-80D7-D4F6F15FA14D}.Debug|Any CPU.Build.0 = Debug|Any CPU
		{159D0897-7607-4E7D-80D7-D4F6F15FA14D}.Debug|iPhone.ActiveCfg = Debug|Any CPU
		{159D0897-7607-4E7D-80D7-D4F6F15FA14D}.Debug|iPhone.Build.0 = Debug|Any CPU
		{159D0897-7607-4E7D-80D7-D4F6F15FA14D}.Debug|iPhoneSimulator.ActiveCfg = Debug|Any CPU
		{159D0897-7607-4E7D-80D7-D4F6F15FA14D}.Debug|iPhoneSimulator.Build.0 = Debug|Any CPU
		{159D0897-7607-4E7D-80D7-D4F6F15FA14D}.Release|Any CPU.ActiveCfg = Release|Any CPU
		{159D0897-7607-4E7D-80D7-D4F6F15FA14D}.Release|Any CPU.Build.0 = Release|Any CPU
		{159D0897-7607-4E7D-80D7-D4F6F15FA14D}.Release|iPhone.ActiveCfg = Release|Any CPU
		{159D0897-7607-4E7D-80D7-D4F6F15FA14D}.Release|iPhone.Build.0 = Release|Any CPU
		{159D0897-7607-4E7D-80D7-D4F6F15FA14D}.Release|iPhoneSimulator.ActiveCfg = Release|Any CPU
		{159D0897-7607-4E7D-80D7-D4F6F15FA14D}.Release|iPhoneSimulator.Build.0 = Release|Any CPU
		{837348FB-870C-47AE-91B0-FCA8AD49872E}.Ad-Hoc|Any CPU.ActiveCfg = Release|Any CPU
		{837348FB-870C-47AE-91B0-FCA8AD49872E}.Ad-Hoc|Any CPU.Build.0 = Release|Any CPU
		{837348FB-870C-47AE-91B0-FCA8AD49872E}.Ad-Hoc|iPhone.ActiveCfg = Release|Any CPU
		{837348FB-870C-47AE-91B0-FCA8AD49872E}.Ad-Hoc|iPhone.Build.0 = Release|Any CPU
		{837348FB-870C-47AE-91B0-FCA8AD49872E}.Ad-Hoc|iPhoneSimulator.ActiveCfg = Release|Any CPU
		{837348FB-870C-47AE-91B0-FCA8AD49872E}.Ad-Hoc|iPhoneSimulator.Build.0 = Release|Any CPU
		{837348FB-870C-47AE-91B0-FCA8AD49872E}.AppStore|Any CPU.ActiveCfg = Release|Any CPU
		{837348FB-870C-47AE-91B0-FCA8AD49872E}.AppStore|Any CPU.Build.0 = Release|Any CPU
		{837348FB-870C-47AE-91B0-FCA8AD49872E}.AppStore|iPhone.ActiveCfg = Release|Any CPU
		{837348FB-870C-47AE-91B0-FCA8AD49872E}.AppStore|iPhone.Build.0 = Release|Any CPU
		{837348FB-870C-47AE-91B0-FCA8AD49872E}.AppStore|iPhoneSimulator.ActiveCfg = Release|Any CPU
		{837348FB-870C-47AE-91B0-FCA8AD49872E}.AppStore|iPhoneSimulator.Build.0 = Release|Any CPU
		{837348FB-870C-47AE-91B0-FCA8AD49872E}.Debug|Any CPU.ActiveCfg = Debug|Any CPU
		{837348FB-870C-47AE-91B0-FCA8AD49872E}.Debug|Any CPU.Build.0 = Debug|Any CPU
		{837348FB-870C-47AE-91B0-FCA8AD49872E}.Debug|iPhone.ActiveCfg = Debug|Any CPU
		{837348FB-870C-47AE-91B0-FCA8AD49872E}.Debug|iPhone.Build.0 = Debug|Any CPU
		{837348FB-870C-47AE-91B0-FCA8AD49872E}.Debug|iPhoneSimulator.ActiveCfg = Debug|Any CPU
		{837348FB-870C-47AE-91B0-FCA8AD49872E}.Debug|iPhoneSimulator.Build.0 = Debug|Any CPU
		{837348FB-870C-47AE-91B0-FCA8AD49872E}.Release|Any CPU.ActiveCfg = Release|Any CPU
		{837348FB-870C-47AE-91B0-FCA8AD49872E}.Release|Any CPU.Build.0 = Release|Any CPU
		{837348FB-870C-47AE-91B0-FCA8AD49872E}.Release|iPhone.ActiveCfg = Release|Any CPU
		{837348FB-870C-47AE-91B0-FCA8AD49872E}.Release|iPhone.Build.0 = Release|Any CPU
		{837348FB-870C-47AE-91B0-FCA8AD49872E}.Release|iPhoneSimulator.ActiveCfg = Release|Any CPU
		{837348FB-870C-47AE-91B0-FCA8AD49872E}.Release|iPhoneSimulator.Build.0 = Release|Any CPU
		{CC15D61E-979C-4EE3-9577-8968DF030A0E}.Ad-Hoc|Any CPU.ActiveCfg = Release|Any CPU
		{CC15D61E-979C-4EE3-9577-8968DF030A0E}.Ad-Hoc|Any CPU.Build.0 = Release|Any CPU
		{CC15D61E-979C-4EE3-9577-8968DF030A0E}.Ad-Hoc|iPhone.ActiveCfg = Release|Any CPU
		{CC15D61E-979C-4EE3-9577-8968DF030A0E}.Ad-Hoc|iPhone.Build.0 = Release|Any CPU
		{CC15D61E-979C-4EE3-9577-8968DF030A0E}.Ad-Hoc|iPhoneSimulator.ActiveCfg = Release|Any CPU
		{CC15D61E-979C-4EE3-9577-8968DF030A0E}.Ad-Hoc|iPhoneSimulator.Build.0 = Release|Any CPU
		{CC15D61E-979C-4EE3-9577-8968DF030A0E}.AppStore|Any CPU.ActiveCfg = Release|Any CPU
		{CC15D61E-979C-4EE3-9577-8968DF030A0E}.AppStore|Any CPU.Build.0 = Release|Any CPU
		{CC15D61E-979C-4EE3-9577-8968DF030A0E}.AppStore|iPhone.ActiveCfg = Release|Any CPU
		{CC15D61E-979C-4EE3-9577-8968DF030A0E}.AppStore|iPhone.Build.0 = Release|Any CPU
		{CC15D61E-979C-4EE3-9577-8968DF030A0E}.AppStore|iPhoneSimulator.ActiveCfg = Release|Any CPU
		{CC15D61E-979C-4EE3-9577-8968DF030A0E}.AppStore|iPhoneSimulator.Build.0 = Release|Any CPU
		{CC15D61E-979C-4EE3-9577-8968DF030A0E}.Debug|Any CPU.ActiveCfg = Debug|Any CPU
		{CC15D61E-979C-4EE3-9577-8968DF030A0E}.Debug|Any CPU.Build.0 = Debug|Any CPU
		{CC15D61E-979C-4EE3-9577-8968DF030A0E}.Debug|iPhone.ActiveCfg = Debug|Any CPU
		{CC15D61E-979C-4EE3-9577-8968DF030A0E}.Debug|iPhone.Build.0 = Debug|Any CPU
		{CC15D61E-979C-4EE3-9577-8968DF030A0E}.Debug|iPhoneSimulator.ActiveCfg = Debug|Any CPU
		{CC15D61E-979C-4EE3-9577-8968DF030A0E}.Debug|iPhoneSimulator.Build.0 = Debug|Any CPU
		{CC15D61E-979C-4EE3-9577-8968DF030A0E}.Release|Any CPU.ActiveCfg = Release|Any CPU
		{CC15D61E-979C-4EE3-9577-8968DF030A0E}.Release|Any CPU.Build.0 = Release|Any CPU
		{CC15D61E-979C-4EE3-9577-8968DF030A0E}.Release|iPhone.ActiveCfg = Release|Any CPU
		{CC15D61E-979C-4EE3-9577-8968DF030A0E}.Release|iPhone.Build.0 = Release|Any CPU
		{CC15D61E-979C-4EE3-9577-8968DF030A0E}.Release|iPhoneSimulator.ActiveCfg = Release|Any CPU
		{CC15D61E-979C-4EE3-9577-8968DF030A0E}.Release|iPhoneSimulator.Build.0 = Release|Any CPU
		{A4090E65-544C-46A7-9E79-61BE71D6E5B0}.Ad-Hoc|Any CPU.ActiveCfg = Release|Any CPU
		{A4090E65-544C-46A7-9E79-61BE71D6E5B0}.Ad-Hoc|Any CPU.Build.0 = Release|Any CPU
		{A4090E65-544C-46A7-9E79-61BE71D6E5B0}.Ad-Hoc|Any CPU.Deploy.0 = Release|Any CPU
		{A4090E65-544C-46A7-9E79-61BE71D6E5B0}.Ad-Hoc|iPhone.ActiveCfg = Release|Any CPU
		{A4090E65-544C-46A7-9E79-61BE71D6E5B0}.Ad-Hoc|iPhone.Build.0 = Release|Any CPU
		{A4090E65-544C-46A7-9E79-61BE71D6E5B0}.Ad-Hoc|iPhone.Deploy.0 = Release|Any CPU
		{A4090E65-544C-46A7-9E79-61BE71D6E5B0}.Ad-Hoc|iPhoneSimulator.ActiveCfg = Release|Any CPU
		{A4090E65-544C-46A7-9E79-61BE71D6E5B0}.Ad-Hoc|iPhoneSimulator.Build.0 = Release|Any CPU
		{A4090E65-544C-46A7-9E79-61BE71D6E5B0}.Ad-Hoc|iPhoneSimulator.Deploy.0 = Release|Any CPU
		{A4090E65-544C-46A7-9E79-61BE71D6E5B0}.AppStore|Any CPU.ActiveCfg = Release|Any CPU
		{A4090E65-544C-46A7-9E79-61BE71D6E5B0}.AppStore|Any CPU.Build.0 = Release|Any CPU
		{A4090E65-544C-46A7-9E79-61BE71D6E5B0}.AppStore|Any CPU.Deploy.0 = Release|Any CPU
		{A4090E65-544C-46A7-9E79-61BE71D6E5B0}.AppStore|iPhone.ActiveCfg = Release|Any CPU
		{A4090E65-544C-46A7-9E79-61BE71D6E5B0}.AppStore|iPhone.Build.0 = Release|Any CPU
		{A4090E65-544C-46A7-9E79-61BE71D6E5B0}.AppStore|iPhone.Deploy.0 = Release|Any CPU
		{A4090E65-544C-46A7-9E79-61BE71D6E5B0}.AppStore|iPhoneSimulator.ActiveCfg = Release|Any CPU
		{A4090E65-544C-46A7-9E79-61BE71D6E5B0}.AppStore|iPhoneSimulator.Build.0 = Release|Any CPU
		{A4090E65-544C-46A7-9E79-61BE71D6E5B0}.AppStore|iPhoneSimulator.Deploy.0 = Release|Any CPU
		{A4090E65-544C-46A7-9E79-61BE71D6E5B0}.Debug|Any CPU.ActiveCfg = Debug|Any CPU
		{A4090E65-544C-46A7-9E79-61BE71D6E5B0}.Debug|Any CPU.Build.0 = Debug|Any CPU
		{A4090E65-544C-46A7-9E79-61BE71D6E5B0}.Debug|Any CPU.Deploy.0 = Debug|Any CPU
		{A4090E65-544C-46A7-9E79-61BE71D6E5B0}.Debug|iPhone.ActiveCfg = Debug|Any CPU
		{A4090E65-544C-46A7-9E79-61BE71D6E5B0}.Debug|iPhone.Build.0 = Debug|Any CPU
		{A4090E65-544C-46A7-9E79-61BE71D6E5B0}.Debug|iPhone.Deploy.0 = Debug|Any CPU
		{A4090E65-544C-46A7-9E79-61BE71D6E5B0}.Debug|iPhoneSimulator.ActiveCfg = Debug|Any CPU
		{A4090E65-544C-46A7-9E79-61BE71D6E5B0}.Debug|iPhoneSimulator.Build.0 = Debug|Any CPU
		{A4090E65-544C-46A7-9E79-61BE71D6E5B0}.Debug|iPhoneSimulator.Deploy.0 = Debug|Any CPU
		{A4090E65-544C-46A7-9E79-61BE71D6E5B0}.Release|Any CPU.ActiveCfg = Release|Any CPU
		{A4090E65-544C-46A7-9E79-61BE71D6E5B0}.Release|Any CPU.Build.0 = Release|Any CPU
		{A4090E65-544C-46A7-9E79-61BE71D6E5B0}.Release|Any CPU.Deploy.0 = Release|Any CPU
		{A4090E65-544C-46A7-9E79-61BE71D6E5B0}.Release|iPhone.ActiveCfg = Release|Any CPU
		{A4090E65-544C-46A7-9E79-61BE71D6E5B0}.Release|iPhone.Build.0 = Release|Any CPU
		{A4090E65-544C-46A7-9E79-61BE71D6E5B0}.Release|iPhone.Deploy.0 = Release|Any CPU
		{A4090E65-544C-46A7-9E79-61BE71D6E5B0}.Release|iPhoneSimulator.ActiveCfg = Release|Any CPU
		{A4090E65-544C-46A7-9E79-61BE71D6E5B0}.Release|iPhoneSimulator.Build.0 = Release|Any CPU
		{A4090E65-544C-46A7-9E79-61BE71D6E5B0}.Release|iPhoneSimulator.Deploy.0 = Release|Any CPU
		{150F2FCE-C506-4554-A1A6-A1900673BC43}.Ad-Hoc|Any CPU.ActiveCfg = Ad-Hoc|iPhone
		{150F2FCE-C506-4554-A1A6-A1900673BC43}.Ad-Hoc|iPhone.ActiveCfg = Ad-Hoc|iPhone
		{150F2FCE-C506-4554-A1A6-A1900673BC43}.Ad-Hoc|iPhone.Build.0 = Ad-Hoc|iPhone
		{150F2FCE-C506-4554-A1A6-A1900673BC43}.Ad-Hoc|iPhoneSimulator.ActiveCfg = Ad-Hoc|iPhoneSimulator
		{150F2FCE-C506-4554-A1A6-A1900673BC43}.Ad-Hoc|iPhoneSimulator.Build.0 = Ad-Hoc|iPhoneSimulator
		{150F2FCE-C506-4554-A1A6-A1900673BC43}.AppStore|Any CPU.ActiveCfg = AppStore|iPhone
		{150F2FCE-C506-4554-A1A6-A1900673BC43}.AppStore|iPhone.ActiveCfg = AppStore|iPhone
		{150F2FCE-C506-4554-A1A6-A1900673BC43}.AppStore|iPhone.Build.0 = AppStore|iPhone
		{150F2FCE-C506-4554-A1A6-A1900673BC43}.AppStore|iPhoneSimulator.ActiveCfg = AppStore|iPhoneSimulator
		{150F2FCE-C506-4554-A1A6-A1900673BC43}.AppStore|iPhoneSimulator.Build.0 = AppStore|iPhoneSimulator
		{150F2FCE-C506-4554-A1A6-A1900673BC43}.Debug|Any CPU.ActiveCfg = Debug|iPhone
		{150F2FCE-C506-4554-A1A6-A1900673BC43}.Debug|iPhone.ActiveCfg = Debug|iPhone
		{150F2FCE-C506-4554-A1A6-A1900673BC43}.Debug|iPhone.Build.0 = Debug|iPhone
		{150F2FCE-C506-4554-A1A6-A1900673BC43}.Debug|iPhoneSimulator.ActiveCfg = Debug|iPhoneSimulator
		{150F2FCE-C506-4554-A1A6-A1900673BC43}.Debug|iPhoneSimulator.Build.0 = Debug|iPhoneSimulator
		{150F2FCE-C506-4554-A1A6-A1900673BC43}.Release|Any CPU.ActiveCfg = Release|iPhone
		{150F2FCE-C506-4554-A1A6-A1900673BC43}.Release|iPhone.ActiveCfg = Release|iPhone
		{150F2FCE-C506-4554-A1A6-A1900673BC43}.Release|iPhone.Build.0 = Release|iPhone
		{150F2FCE-C506-4554-A1A6-A1900673BC43}.Release|iPhoneSimulator.ActiveCfg = Release|iPhoneSimulator
		{150F2FCE-C506-4554-A1A6-A1900673BC43}.Release|iPhoneSimulator.Build.0 = Release|iPhoneSimulator
		{CAAADA23-B087-4028-9D0D-D6E9C7A1E8AD}.Ad-Hoc|Any CPU.ActiveCfg = Debug|Any CPU
		{CAAADA23-B087-4028-9D0D-D6E9C7A1E8AD}.Ad-Hoc|Any CPU.Build.0 = Debug|Any CPU
		{CAAADA23-B087-4028-9D0D-D6E9C7A1E8AD}.Ad-Hoc|iPhone.ActiveCfg = Debug|Any CPU
		{CAAADA23-B087-4028-9D0D-D6E9C7A1E8AD}.Ad-Hoc|iPhone.Build.0 = Debug|Any CPU
		{CAAADA23-B087-4028-9D0D-D6E9C7A1E8AD}.Ad-Hoc|iPhoneSimulator.ActiveCfg = Debug|Any CPU
		{CAAADA23-B087-4028-9D0D-D6E9C7A1E8AD}.Ad-Hoc|iPhoneSimulator.Build.0 = Debug|Any CPU
		{CAAADA23-B087-4028-9D0D-D6E9C7A1E8AD}.AppStore|Any CPU.ActiveCfg = Debug|Any CPU
		{CAAADA23-B087-4028-9D0D-D6E9C7A1E8AD}.AppStore|Any CPU.Build.0 = Debug|Any CPU
		{CAAADA23-B087-4028-9D0D-D6E9C7A1E8AD}.AppStore|iPhone.ActiveCfg = Debug|Any CPU
		{CAAADA23-B087-4028-9D0D-D6E9C7A1E8AD}.AppStore|iPhone.Build.0 = Debug|Any CPU
		{CAAADA23-B087-4028-9D0D-D6E9C7A1E8AD}.AppStore|iPhoneSimulator.ActiveCfg = Debug|Any CPU
		{CAAADA23-B087-4028-9D0D-D6E9C7A1E8AD}.AppStore|iPhoneSimulator.Build.0 = Debug|Any CPU
		{CAAADA23-B087-4028-9D0D-D6E9C7A1E8AD}.Debug|Any CPU.ActiveCfg = Debug|Any CPU
		{CAAADA23-B087-4028-9D0D-D6E9C7A1E8AD}.Debug|Any CPU.Build.0 = Debug|Any CPU
		{CAAADA23-B087-4028-9D0D-D6E9C7A1E8AD}.Debug|iPhone.ActiveCfg = Debug|Any CPU
		{CAAADA23-B087-4028-9D0D-D6E9C7A1E8AD}.Debug|iPhone.Build.0 = Debug|Any CPU
		{CAAADA23-B087-4028-9D0D-D6E9C7A1E8AD}.Debug|iPhoneSimulator.ActiveCfg = Debug|Any CPU
		{CAAADA23-B087-4028-9D0D-D6E9C7A1E8AD}.Debug|iPhoneSimulator.Build.0 = Debug|Any CPU
		{CAAADA23-B087-4028-9D0D-D6E9C7A1E8AD}.Release|Any CPU.ActiveCfg = Release|Any CPU
		{CAAADA23-B087-4028-9D0D-D6E9C7A1E8AD}.Release|Any CPU.Build.0 = Release|Any CPU
		{CAAADA23-B087-4028-9D0D-D6E9C7A1E8AD}.Release|iPhone.ActiveCfg = Release|Any CPU
		{CAAADA23-B087-4028-9D0D-D6E9C7A1E8AD}.Release|iPhone.Build.0 = Release|Any CPU
		{CAAADA23-B087-4028-9D0D-D6E9C7A1E8AD}.Release|iPhoneSimulator.ActiveCfg = Release|Any CPU
		{CAAADA23-B087-4028-9D0D-D6E9C7A1E8AD}.Release|iPhoneSimulator.Build.0 = Release|Any CPU
	EndGlobalSection
	GlobalSection(SolutionProperties) = preSolution
		HideSolutionNode = FALSE
	EndGlobalSection
	GlobalSection(NestedProjects) = preSolution
		{A4090E65-544C-46A7-9E79-61BE71D6E5B0} = {0581BA06-E352-473D-8F84-1F06385AF1A6}
		{150F2FCE-C506-4554-A1A6-A1900673BC43} = {0581BA06-E352-473D-8F84-1F06385AF1A6}
		{CAAADA23-B087-4028-9D0D-D6E9C7A1E8AD} = {0581BA06-E352-473D-8F84-1F06385AF1A6}
	EndGlobalSection
	GlobalSection(ExtensibilityGlobals) = postSolution
		SolutionGuid = {201D1EC7-B7EA-4150-BFFB-65E1B53CE1F6}
	EndGlobalSection
EndGlobal
